
Microsoft Visual Studio Solution File, Format Version 11.00
# Visual Studio 2010
Project("{FAE04EC0-301F-11D3-BF4B-00C04F79EFBC}") = "AR_Kimia", "Assembly-CSharp.csproj", "{EA0F3C2E-E8FF-1487-BCC5-66AF38F6FA8A}"
EndProject
Project("{FAE04EC0-301F-11D3-BF4B-00C04F79EFBC}") = "AR_Kimia", "Assembly-CSharp-Editor.csproj", "{79C82CF1-C9DD-ED7A-F62C-C84316757076}"
EndProject
Global
	GlobalSection(SolutionConfigurationPlatforms) = preSolution
		Debug|Any CPU = Debug|Any CPU
		Release|Any CPU = Release|Any CPU
	EndGlobalSection
	GlobalSection(ProjectConfigurationPlatforms) = postSolution
		{EA0F3C2E-E8FF-1487-BCC5-66AF38F6FA8A}.Debug|Any CPU.ActiveCfg = Debug|Any CPU
		{EA0F3C2E-E8FF-1487-BCC5-66AF38F6FA8A}.Debug|Any CPU.Build.0 = Debug|Any CPU
		{EA0F3C2E-E8FF-1487-BCC5-66AF38F6FA8A}.Release|Any CPU.ActiveCfg = Release|Any CPU
		{EA0F3C2E-E8FF-1487-BCC5-66AF38F6FA8A}.Release|Any CPU.Build.0 = Release|Any CPU
		{79C82CF1-C9DD-ED7A-F62C-C84316757076}.Debug|Any CPU.ActiveCfg = Debug|Any CPU
		{79C82CF1-C9DD-ED7A-F62C-C84316757076}.Debug|Any CPU.Build.0 = Debug|Any CPU
		{79C82CF1-C9DD-ED7A-F62C-C84316757076}.Release|Any CPU.ActiveCfg = Release|Any CPU
		{79C82CF1-C9DD-ED7A-F62C-C84316757076}.Release|Any CPU.Build.0 = Release|Any CPU
	EndGlobalSection
	GlobalSection(SolutionProperties) = preSolution
		HideSolutionNode = FALSE
	EndGlobalSection
	GlobalSection(MonoDevelopProperties) = preSolution
		StartupItem = Assembly-CSharp.csproj
	EndGlobalSection
EndGlobal
